
Microsoft Visual Studio Solution File, Format Version 12.00
# Visual Studio Version 16
VisualStudioVersion = 16.0.31613.86
MinimumVisualStudioVersion = 10.0.40219.1
Project("{FAE04EC0-301F-11D3-BF4B-00C04F79EFBC}") = "MobileAuthB2C.Android", "MobileAuthB2C.Android\MobileAuthB2C.Android.csproj", "{68298DD0-A9E6-4BE5-8A34-ADC0BDF8C83C}"
EndProject
Project("{FAE04EC0-301F-11D3-BF4B-00C04F79EFBC}") = "MobileAuthB2C.iOS", "MobileAuthB2C.iOS\MobileAuthB2C.iOS.csproj", "{25EC7947-D59F-482A-BC74-E2D0567B5CA8}"
EndProject
Project("{FAE04EC0-301F-11D3-BF4B-00C04F79EFBC}") = "MobileAuthB2C", "MobileAuthB2C\MobileAuthB2C.csproj", "{EEF956F5-F3A4-475B-B691-DADA1E5E6491}"
EndProject
Global
	GlobalSection(SolutionConfigurationPlatforms) = preSolution
		Debug|Any CPU = Debug|Any CPU
		Debug|iPhone = Debug|iPhone
		Debug|iPhoneSimulator = Debug|iPhoneSimulator
		Release|Any CPU = Release|Any CPU
		Release|iPhone = Release|iPhone
		Release|iPhoneSimulator = Release|iPhoneSimulator
	EndGlobalSection
	GlobalSection(ProjectConfigurationPlatforms) = postSolution
		{68298DD0-A9E6-4BE5-8A34-ADC0BDF8C83C}.Debug|Any CPU.ActiveCfg = Debug|Any CPU
		{68298DD0-A9E6-4BE5-8A34-ADC0BDF8C83C}.Debug|Any CPU.Build.0 = Debug|Any CPU
		{68298DD0-A9E6-4BE5-8A34-ADC0BDF8C83C}.Debug|Any CPU.Deploy.0 = Debug|Any CPU
		{68298DD0-A9E6-4BE5-8A34-ADC0BDF8C83C}.Debug|iPhone.ActiveCfg = Debug|Any CPU
		{68298DD0-A9E6-4BE5-8A34-ADC0BDF8C83C}.Debug|iPhone.Build.0 = Debug|Any CPU
		{68298DD0-A9E6-4BE5-8A34-ADC0BDF8C83C}.Debug|iPhone.Deploy.0 = Debug|Any CPU
		{68298DD0-A9E6-4BE5-8A34-ADC0BDF8C83C}.Debug|iPhoneSimulator.ActiveCfg = Debug|Any CPU
		{68298DD0-A9E6-4BE5-8A34-ADC0BDF8C83C}.Debug|iPhoneSimulator.Build.0 = Debug|Any CPU
		{68298DD0-A9E6-4BE5-8A34-ADC0BDF8C83C}.Debug|iPhoneSimulator.Deploy.0 = Debug|Any CPU
		{68298DD0-A9E6-4BE5-8A34-ADC0BDF8C83C}.Release|Any CPU.ActiveCfg = Release|Any CPU
		{68298DD0-A9E6-4BE5-8A34-ADC0BDF8C83C}.Release|Any CPU.Build.0 = Release|Any CPU
		{68298DD0-A9E6-4BE5-8A34-ADC0BDF8C83C}.Release|Any CPU.Deploy.0 = Release|Any CPU
		{68298DD0-A9E6-4BE5-8A34-ADC0BDF8C83C}.Release|iPhone.ActiveCfg = Release|Any CPU
		{68298DD0-A9E6-4BE5-8A34-ADC0BDF8C83C}.Release|iPhone.Build.0 = Release|Any CPU
		{68298DD0-A9E6-4BE5-8A34-ADC0BDF8C83C}.Release|iPhone.Deploy.0 = Release|Any CPU
		{68298DD0-A9E6-4BE5-8A34-ADC0BDF8C83C}.Release|iPhoneSimulator.ActiveCfg = Release|Any CPU
		{68298DD0-A9E6-4BE5-8A34-ADC0BDF8C83C}.Release|iPhoneSimulator.Build.0 = Release|Any CPU
		{68298DD0-A9E6-4BE5-8A34-ADC0BDF8C83C}.Release|iPhoneSimulator.Deploy.0 = Release|Any CPU
		{25EC7947-D59F-482A-BC74-E2D0567B5CA8}.Debug|Any CPU.ActiveCfg = Debug|iPhone
		{25EC7947-D59F-482A-BC74-E2D0567B5CA8}.Debug|Any CPU.Build.0 = Debug|iPhone
		{25EC7947-D59F-482A-BC74-E2D0567B5CA8}.Debug|Any CPU.Deploy.0 = Debug|iPhone
		{25EC7947-D59F-482A-BC74-E2D0567B5CA8}.Debug|iPhone.ActiveCfg = Debug|iPhone
		{25EC7947-D59F-482A-BC74-E2D0567B5CA8}.Debug|iPhone.Build.0 = Debug|iPhone
		{25EC7947-D59F-482A-BC74-E2D0567B5CA8}.Debug|iPhone.Deploy.0 = Debug|iPhone
		{25EC7947-D59F-482A-BC74-E2D0567B5CA8}.Debug|iPhoneSimulator.ActiveCfg = Debug|iPhoneSimulator
		{25EC7947-D59F-482A-BC74-E2D0567B5CA8}.Debug|iPhoneSimulator.Build.0 = Debug|iPhoneSimulator
		{25EC7947-D59F-482A-BC74-E2D0567B5CA8}.Debug|iPhoneSimulator.Deploy.0 = Debug|iPhoneSimulator
		{25EC7947-D59F-482A-BC74-E2D0567B5CA8}.Release|Any CPU.ActiveCfg = Release|iPhoneSimulator
		{25EC7947-D59F-482A-BC74-E2D0567B5CA8}.Release|Any CPU.Build.0 = Release|iPhoneSimulator
		{25EC7947-D59F-482A-BC74-E2D0567B5CA8}.Release|Any CPU.Deploy.0 = Release|iPhoneSimulator
		{25EC7947-D59F-482A-BC74-E2D0567B5CA8}.Release|iPhone.ActiveCfg = Release|iPhone
		{25EC7947-D59F-482A-BC74-E2D0567B5CA8}.Release|iPhone.Build.0 = Release|iPhone
		{25EC7947-D59F-482A-BC74-E2D0567B5CA8}.Release|iPhone.Deploy.0 = Release|iPhone
		{25EC7947-D59F-482A-BC74-E2D0567B5CA8}.Release|iPhoneSimulator.ActiveCfg = Release|iPhoneSimulator
		{25EC7947-D59F-482A-BC74-E2D0567B5CA8}.Release|iPhoneSimulator.Build.0 = Release|iPhoneSimulator
		{25EC7947-D59F-482A-BC74-E2D0567B5CA8}.Release|iPhoneSimulator.Deploy.0 = Release|iPhoneSimulator
		{EEF956F5-F3A4-475B-B691-DADA1E5E6491}.Debug|Any CPU.ActiveCfg = Debug|Any CPU
		{EEF956F5-F3A4-475B-B691-DADA1E5E6491}.Debug|Any CPU.Build.0 = Debug|Any CPU
		{EEF956F5-F3A4-475B-B691-DADA1E5E6491}.Debug|Any CPU.Deploy.0 = Debug|Any CPU
		{EEF956F5-F3A4-475B-B691-DADA1E5E6491}.Debug|iPhone.ActiveCfg = Debug|Any CPU
		{EEF956F5-F3A4-475B-B691-DADA1E5E6491}.Debug|iPhone.Build.0 = Debug|Any CPU
		{EEF956F5-F3A4-475B-B691-DADA1E5E6491}.Debug|iPhone.Deploy.0 = Debug|Any CPU
		{EEF956F5-F3A4-475B-B691-DADA1E5E6491}.Debug|iPhoneSimulator.ActiveCfg = Debug|Any CPU
		{EEF956F5-F3A4-475B-B691-DADA1E5E6491}.Debug|iPhoneSimulator.Build.0 = Debug|Any CPU
		{EEF956F5-F3A4-475B-B691-DADA1E5E6491}.Debug|iPhoneSimulator.Deploy.0 = Debug|Any CPU
		{EEF956F5-F3A4-475B-B691-DADA1E5E6491}.Release|Any CPU.ActiveCfg = Release|Any CPU
		{EEF956F5-F3A4-475B-B691-DADA1E5E6491}.Release|Any CPU.Build.0 = Release|Any CPU
		{EEF956F5-F3A4-475B-B691-DADA1E5E6491}.Release|Any CPU.Deploy.0 = Release|Any CPU
		{EEF956F5-F3A4-475B-B691-DADA1E5E6491}.Release|iPhone.ActiveCfg = Release|Any CPU
		{EEF956F5-F3A4-475B-B691-DADA1E5E6491}.Release|iPhone.Build.0 = Release|Any CPU
		{EEF956F5-F3A4-475B-B691-DADA1E5E6491}.Release|iPhone.Deploy.0 = Release|Any CPU
		{EEF956F5-F3A4-475B-B691-DADA1E5E6491}.Release|iPhoneSimulator.ActiveCfg = Release|Any CPU
		{EEF956F5-F3A4-475B-B691-DADA1E5E6491}.Release|iPhoneSimulator.Build.0 = Release|Any CPU
		{EEF956F5-F3A4-475B-B691-DADA1E5E6491}.Release|iPhoneSimulator.Deploy.0 = Release|Any CPU
	EndGlobalSection
	GlobalSection(SolutionProperties) = preSolution
		HideSolutionNode = FALSE
	EndGlobalSection
	GlobalSection(ExtensibilityGlobals) = postSolution
		SolutionGuid = {5F5DFE61-84CB-4E3D-81D1-5120EE0D05E8}
	EndGlobalSection
EndGlobal
